{
  "accounts": {
    "asset": "accounts-v0.1.0-alpha.tar.gz",
    "sha256": "49092ed1455e987dc902ba7e29fdd4ad91a36865033e9c5066b6e1618321a8f5",
    "size": 4552
  },
  "binaries": [
    {
      "arch": "arm64",
      "asset": "prover-darwin-arm64-v0.1.0-alpha",
      "os": "darwin",
      "role": "prover",
      "sha256": "61c3e0c1125a67eb0a25ca209af48034abdaeeb73a83f65bef662a6f131ba34f",
      "size": 39363522
    },
    {
      "arch": "arm64",
      "asset": "photon-darwin-arm64-v0.1.0-alpha",
      "os": "darwin",
      "role": "photon",
      "sha256": "20ab4e061ae46e844a09154d3ff51b4c1993bbc63f1d72bb6be28455cdaa3668",
      "size": 25361280
    },
    {
      "arch": "x64",
      "asset": "prover-linux-x64-v0.1.0-alpha",
      "os": "linux",
      "role": "prover",
      "sha256": "d98317ff4bdd6342a709914ce8940f18b12653c05ab0a0306ecef47e7f989665",
      "size": 41564971
    },
    {
      "arch": "x64",
      "asset": "photon-linux-x64-v0.1.0-alpha",
      "os": "linux",
      "role": "photon",
      "sha256": "0206546254d9fe6b97f345107aabc8f5bfa0631c82a23b15754a686af1c4585f",
      "size": 29910496
    }
  ],
  "programs": [
    {
      "asset": "shielded_pool_program-v0.1.0-alpha.so",
      "role": "shielded_pool",
      "sha256": "95e4905bcdf909189560d9e67866023a3d6f4509f1b0b394096fdc16c4c265a8",
      "size": 343968
    },
    {
      "asset": "zolana_user_registry-v0.1.0-alpha.so",
      "role": "user_registry",
      "sha256": "d2fc289294fc34249b6fff21beaef7138e66dd7398c7e68752e89808671a3a0c",
      "size": 65480
    },
    {
      "asset": "squads_smart_account_program-v0.1.0-alpha.so",
      "role": "smart_account",
      "sha256": "49cf27024d211ab827eadc11219a935abf9a5138ece1c0b0631c26790fd4f3c0",
      "size": 1641757
    }
  ],
  "release_tag": "v0.1.0-alpha",
  "surfpool_tag": "v1.1.1-light",
  "surfpool_version": "1.1.1"
}
