{
  "release_tag": "v0.4.0-alpha",
  "surfpool_tag": "v1.6.0-light",
  "surfpool_version": "1.6.0",
  "programs": [
    {
      "asset": "shielded_pool_program-v0.4.0-alpha.so",
      "size": 598184,
      "sha256": "3641ffe2b2e635a0ed5978416559944d8c1618fe49372f9082eefeb2ac322cab",
      "role": "shielded_pool"
    },
    {
      "asset": "zolana_user_registry-v0.4.0-alpha.so",
      "size": 51024,
      "sha256": "2010baa24753dd576159ff35532b516581a5de2f521ad223675136e8cff72c8c",
      "role": "user_registry"
    },
    {
      "asset": "squads_smart_account_program-v0.4.0-alpha.so",
      "size": 1651997,
      "sha256": "1c95bd7be140589d2aec38a85d7ecfe70ec69639277f622c898f821ab1d636fa",
      "role": "smart_account"
    }
  ],
  "accounts": {
    "asset": "accounts-v0.4.0-alpha.tar.gz",
    "size": 2048,
    "sha256": "8c72598efc7e3be11e8b3bb963733247d269cf75237c5128cc7a675452650769"
  },
  "binaries": [
    {
      "role": "prover",
      "os": "darwin",
      "arch": "arm64",
      "asset": "prover-darwin-arm64-v0.4.0-alpha",
      "size": 29528402,
      "sha256": "8379c74b7851004c12ce5a87903e251321ffd9b2043645cde988f18a32efe50f"
    },
    {
      "role": "photon",
      "os": "darwin",
      "arch": "arm64",
      "asset": "photon-darwin-arm64-v0.4.0-alpha",
      "size": 27722016,
      "sha256": "26e1573028e8d9f16e0e2db1bf32c698baf9de2ac1c7e596ea67a5db9332dbf1"
    },
    {
      "role": "prover",
      "os": "linux",
      "arch": "x64",
      "asset": "prover-linux-x64-v0.4.0-alpha",
      "size": 31899772,
      "sha256": "a55e68c7ebefd40bc73c43d654d419c487386e28f9716bc0e5bc14122e216848"
    },
    {
      "role": "photon",
      "os": "linux",
      "arch": "x64",
      "asset": "photon-linux-x64-v0.4.0-alpha",
      "size": 32911832,
      "sha256": "08b06cd5b800f8298bb978312d6175d2195cc00ae2b3cc41bccb1620af3a3d43"
    }
  ]
}
