{
  "keys": {
    "batch_address-append_40_10.key": {
      "sha256": "5fc065e3ad363357f2426b5eba6e919b10342d1e48a77e62d7eeb4dac79e366e",
      "size": 128939059
    },
    "batch_address-append_40_250.key": {
      "sha256": "4a67ad2766f231a28fa95c04a867d2a18f45ec2f9df9fc1d4e9953f6e2b95b83",
      "size": 3559216911
    },
    "merge_8_1.key": {
      "sha256": "3cf52b517f7667c7ee9133181b49b16fe3347a0484de91221adb64ec7dbbd9ba",
      "size": 56211261
    },
    "merge_zone_8_1.key": {
      "sha256": "847adf45c914aba65d9875777136e6a4d4d8ac0629f14f369f75c5758ff0734e",
      "size": 56216886
    },
    "transfer_confidential_1_1.key": {
      "sha256": "1378fdd6ed1a09db70788ebe85f725856e2446ab999d0e36d16a7811fb005489",
      "size": 8270648
    },
    "transfer_confidential_1_2.key": {
      "sha256": "3793aa6b3d72729035658106a87ddc5221153851ee86b6a1013bd98795cb3c8c",
      "size": 8804907
    },
    "transfer_confidential_1_8.key": {
      "sha256": "f563c52de637470a64ca0a37cfa4555af4a3b62905d3137f61b91995694ed127",
      "size": 13061614
    },
    "transfer_confidential_2_2.key": {
      "sha256": "1b4c8559d6a3acdcfe101e897ae627a69f661a8272508d9c84bfeff1eaf4f06d",
      "size": 15950518
    },
    "transfer_confidential_2_3.key": {
      "sha256": "b7f076cb2947fa77a504639ae019f0fac0621084acd19d221619eae876f7662e",
      "size": 16486622
    },
    "transfer_confidential_3_3.key": {
      "sha256": "669d6f0182c0cd818faca2f8a6ebccc0b887762cc4bb80a210824b28fac1b1d3",
      "size": 24678516
    },
    "transfer_confidential_4_3.key": {
      "sha256": "533d34eab17c7d85fda65cb3f19a51e85b2890068389b7220a64d5edf0ae62a0",
      "size": 30781588
    },
    "transfer_confidential_4_4.key": {
      "sha256": "0f5df839997d94112dba6d3c20a9e91f89c9f9a394f695950b3144558567dd08",
      "size": 31320297
    },
    "transfer_confidential_5_3.key": {
      "sha256": "cdb1e9a90d309b89580a9a02e764f0cf4f076b21fe61c5951072c322eb3bf2f4",
      "size": 36885076
    },
    "transfer_confidential_5_4.key": {
      "sha256": "b33807de9f1b9bd07bdacfe291fbcf3fe69ffda3815a2f9a1b4fe91d9a24eaa4",
      "size": 37422799
    },
    "transfer_zone_1_1.key": {
      "sha256": "a30575aac5ed5e56f89c159d07d8875ea61ed5bac6b8d1cffb0868568eb21900",
      "size": 8449798
    },
    "transfer_zone_1_2.key": {
      "sha256": "318fa2bd5af6878edbfcad5c45df35074c8c26fe69915191683442900c3fd460",
      "size": 8865532
    },
    "transfer_zone_1_8.key": {
      "sha256": "8286545c192af39b01c5ac5295d85a112ca114deebc24702fb6fe797a26646f8",
      "size": 12429362
    },
    "transfer_zone_2_2.key": {
      "sha256": "13b37bfce647cdea405b832b22506dc5b81db0530396c28e3cc421fdd82e05a8",
      "size": 15614792
    },
    "transfer_zone_2_3.key": {
      "sha256": "67b92978f25437bcbede34338d967237c67141fd545f7430e7d2b0cf54987095",
      "size": 16017104
    },
    "transfer_zone_3_3.key": {
      "sha256": "66b3647afdc27f7b17873a574dc5f447b7536c5ebb88c6e0bb9f34863633bc0e",
      "size": 24207973
    },
    "transfer_zone_4_3.key": {
      "sha256": "0b889d52a4b91e1859f5c7edb1c7748280596db978837fef78ec2465556a0faf",
      "size": 30308168
    },
    "transfer_zone_4_4.key": {
      "sha256": "f8ee398bcea67e8fc9acfc7497686808d7c17d60ebd80ff24a686b8bc82f4abf",
      "size": 30714015
    },
    "transfer_zone_5_3.key": {
      "sha256": "3d17bd7624ce871546c359a1ed85d1b357adb224ef71498a4b6f26c5e80701de",
      "size": 36411130
    },
    "transfer_zone_5_4.key": {
      "sha256": "5efdfaeed0ae7d6c80add98ac630c8ece0fabb6ce188fa7d30d39831b7a61bbc",
      "size": 36816570
    },
    "transfer_zone_authority_1_1.key": {
      "sha256": "6f3432047b4544b78d0c550522003670f0d88fac5ab06ccba7716468d85e16a9",
      "size": 8376867
    },
    "transfer_zone_authority_2_2.key": {
      "sha256": "bd76150229a1efb00d931f4a8b996e253f1c17d8c27f23b88fcbf20104cc8c01",
      "size": 16193793
    },
    "transfer_zone_authority_3_3.key": {
      "sha256": "f58a2dfd45a40391aff93d4d1387b47557b117b0b3afc7a3ddfb1f9a317019c8",
      "size": 25061150
    },
    "transfer_zone_authority_4_4.key": {
      "sha256": "1f8b89173c39ee6ed35d0d2a8e1345ed0723414f083416f190b97b96af91675e",
      "size": 31838691
    }
  },
  "prefix": "proving-keys/50bb39a39afc22f4"
}
