{
  "keys": {
    "batch_address-append_40_10.key": {
      "sha256": "9a086ac2d80e259d01499f57d396a659704a97f930a1ce3cbd4f43c1cff207b0",
      "size": 137141216
    },
    "batch_address-append_40_250.key": {
      "sha256": "e04970f4d8a919cc826076de0ca0bc571b9afd44b0ef283285d3f0e36d54e2c9",
      "size": 3764027068
    },
    "custom_ring_base.key": {
      "sha256": "841ded3769cd7a0be089eb9d54d6a8aeaf26c792bfbbacb16158448f698d2003",
      "size": 58012883,
      "source": "release"
    },
    "custom_ring_policy.key": {
      "sha256": "aedb480216da0341d9be34e775e941f1b3a4b0d9b1a8a25b25e77c772f2722f0",
      "size": 145540418,
      "source": "release"
    },
    "merge_36_1.key": {
      "sha256": "ffc7be825c4fb89ce13a2f5a7017a38a0bbe97d1b8907ed679e8696b352eaf73",
      "size": 243658878
    },
    "merge_8_1.key": {
      "sha256": "4c54b72998e54736d212b4b5848ee00ea1365c0bdf035a8d0b5836e05dcabc6d",
      "size": 56192257
    },
    "merge_ring_36_1.key": {
      "sha256": "733c1b40af003c69babb6be6842d9c872a573d9256a09c9c509052c2a0ab94c1",
      "size": 243473400
    },
    "merge_ring_8_1.key": {
      "sha256": "e3661f87fa954e5084118bef906a980744904c95765b0f3120bcc692a8326546",
      "size": 56202813
    },
    "transfer_confidential_1_1.key": {
      "sha256": "3644364211e1ffcac7fcf46eadf4a78a40d50ca32ff6cf1bdcc58217de93b176",
      "size": 9085235
    },
    "transfer_confidential_1_2.key": {
      "sha256": "5efe305386084b8e861ab46a8ab0915529ea34083d55dd2dc3d5cefaa4b7aa24",
      "size": 9715818
    },
    "transfer_confidential_1_8.key": {
      "sha256": "8696aa0189395706f165abe6abdf27215f3205c7bd840ab9e55f3d6146bd54fe",
      "size": 14561259
    },
    "transfer_confidential_2_2.key": {
      "sha256": "6214dabd3c86aea610da3e29b13bc893ec53e922c0e633ddb0e7be9b59b80c61",
      "size": 16740960
    },
    "transfer_confidential_2_3.key": {
      "sha256": "fdc1745486bd6357ed7cf38e3fab03d122d33e0b8a99aa304e87f2c46eaf8c94",
      "size": 17373883
    },
    "transfer_confidential_36_2.key": {
      "sha256": "e6e2826d7ed992779b2b78d29c647c085105eef0cc7325612dbf146c29ffa94c",
      "size": 252269453
    },
    "transfer_confidential_3_3.key": {
      "sha256": "0c19d3c7555cc3c94570f11c43da99f95379f2760fcbc15a8a345cf92e09f318",
      "size": 25447044
    },
    "transfer_confidential_4_3.key": {
      "sha256": "2917d3d5c65307a1fd66702e090e43812bc8a69c9195bcd7a40ba0f2597effa5",
      "size": 31425686
    },
    "transfer_confidential_4_4.key": {
      "sha256": "7cfb4e080c00a1b855ff295986742a46404532b64dad574eed999c6d448e670d",
      "size": 32060252
    },
    "transfer_confidential_5_3.key": {
      "sha256": "820915cb0ffd2d25927becf724e253f8174da7e26fe22aefc945bf4e846cd9fd",
      "size": 37408224
    },
    "transfer_confidential_5_4.key": {
      "sha256": "b1fa44891ae67edccc149dc803d2b809dd6bcb811ffb087fa1074127b84165ab",
      "size": 38046430
    },
    "transfer_p256_ring_1_1.key": {
      "sha256": "435f6615ee0e3c4bbdfc199ca799400d63335c3abaa925b8961fc5385ccc9935",
      "size": 54418548
    },
    "transfer_p256_ring_1_2.key": {
      "sha256": "0216d3a97b6fa4f50c0be1f8f6bd070dcf7fcdea78ebef74772763b527f39ade",
      "size": 55100619
    },
    "transfer_p256_ring_1_8.key": {
      "sha256": "0fb2965a8bc564026ae3044e6d06e22c26cc005ed58840b16eee20775b06f349",
      "size": 59193347
    },
    "transfer_p256_ring_2_2.key": {
      "sha256": "64dc92b0b0f750f56fcc2c862cccbc209e16f598a9f1d0564d5f102db7940359",
      "size": 61431496
    },
    "transfer_p256_ring_2_3.key": {
      "sha256": "cdd0a5477e369d42f16e3d523b61e4d698f59638d33644abca21c1c6519ceb4c",
      "size": 62112319
    },
    "transfer_p256_ring_36_2.key": {
      "sha256": "4db4d17f68407814092bf6827b2735db2ca507b3e2d4524b987834cebb2324d4",
      "size": 302576901
    },
    "transfer_p256_ring_3_3.key": {
      "sha256": "18759b0904db414230ca3b435aa759184368b7a1a176b99eed8f3aff08e544da",
      "size": 68441212
    },
    "transfer_p256_ring_4_3.key": {
      "sha256": "b32e706718befa5a9016e29e42dff93b4c66aba8e3f239df0b98053dd62808f3",
      "size": 74767727
    },
    "transfer_p256_ring_4_4.key": {
      "sha256": "97d0bad9e8326c5c5121e5c978e4a361eabc9148e436c43ec96c3846f07f534b",
      "size": 75450991
    },
    "transfer_p256_ring_5_3.key": {
      "sha256": "d8873b353095b96aca3c7b5bc172b7602036ec2551df9d936d7889687e86bb45",
      "size": 89488295
    },
    "transfer_p256_ring_5_4.key": {
      "sha256": "e0d36f2a58d9b72005d2e0ae11c629be45d9a180afea4bb35de936a9a2ce50b5",
      "size": 90172416
    },
    "transfer_ring_1_1.key": {
      "sha256": "882bb0b2638ea3561bd250363ba52d817095d81bd0a844584717a75ad7292932",
      "size": 9092943
    },
    "transfer_ring_1_2.key": {
      "sha256": "8c547e63a4d5b057664341f911fdd8ba5313de85925530d5a8fe13236309e978",
      "size": 9729060
    },
    "transfer_ring_1_8.key": {
      "sha256": "5794a769156d5a0c67af876a3ceb7e3a900da54827d6c59406569d700bad6f4b",
      "size": 14595410
    },
    "transfer_ring_2_2.key": {
      "sha256": "e30a80ef9910966f22edd8d7f8102d8bd51620c44e2ff74516447a582f80c9e1",
      "size": 16753812
    },
    "transfer_ring_2_3.key": {
      "sha256": "3784606a0eedbb2ef7823c5f089f86b7c55a9211ec1ac5fb22854ae6bb453ecc",
      "size": 17392056
    },
    "transfer_ring_36_2.key": {
      "sha256": "139877a3d4b4acff3f5be19f3669e9554c2439301495bd0128eb056f7e2af039",
      "size": 252353940
    },
    "transfer_ring_3_3.key": {
      "sha256": "3734a2f9b0c2ecde2b85ac864014ebc138b304153192dbac146a3528b8a3acbd",
      "size": 25467423
    },
    "transfer_ring_4_3.key": {
      "sha256": "43603f946846f23d90532f382239cb292d05e91c5010e9baa28d373344c24bd4",
      "size": 31447499
    },
    "transfer_ring_4_4.key": {
      "sha256": "e1c98134caf19665a527af592f20e6414024c92ed4e60cf8f9da19b4ca93640f",
      "size": 32087877
    },
    "transfer_ring_5_3.key": {
      "sha256": "8d53656de2c9141086cadc3b4818e929f1810a80a2529c329eb618fa34b29e93",
      "size": 37432684
    },
    "transfer_ring_5_4.key": {
      "sha256": "c25f1c1d2be5f21d1de2681e09a42dd628eeca07c0060a811be92c08624ce085",
      "size": 38073615
    },
    "transfer_ring_authority_1_1.key": {
      "sha256": "2e8cd3613111f7287b5c4ed4efe1a6fd73535d66591b47905eb3ecbd784e4457",
      "size": 8893270
    },
    "transfer_ring_authority_2_2.key": {
      "sha256": "f9632bd8584a043d32ec52de87305ad97118395f30d593f48ae43ffab045883f",
      "size": 16354107
    },
    "transfer_ring_authority_3_3.key": {
      "sha256": "f793eb207b61ad4c1355ef1eae2a449b946921774a1d3d468588bce1e9f6a526",
      "size": 24862992
    },
    "transfer_ring_authority_4_4.key": {
      "sha256": "6addde44ad0eab4b92dd4aa2f7d5e462c93cccf4691604d9872f3efdcdea1a93",
      "size": 31281774
    }
  },
  "prefix": "proving-keys/dce3f5309390f875"
}
