{
  "keys": {
    "batch_address-append_40_10.key": {
      "sha256": "5fc065e3ad363357f2426b5eba6e919b10342d1e48a77e62d7eeb4dac79e366e",
      "size": 128939059
    },
    "batch_address-append_40_250.key": {
      "sha256": "4a67ad2766f231a28fa95c04a867d2a18f45ec2f9df9fc1d4e9953f6e2b95b83",
      "size": 3559216911
    },
    "merge_8_1.key": {
      "sha256": "5a8872d9bbc51bb28287350cf2149a40c1444902da7f4574cb59a2a6adac57a5",
      "size": 132757116
    },
    "merge_zone_8_1.key": {
      "sha256": "1c058959d2261c5febb4d608c1c71de553a9d2d16dec5e4095f3fa9afcf9390a",
      "size": 132634656
    },
    "transfer_confidential_1_1.key": {
      "sha256": "e5b4c76e1c280178492996820310d9dedde6901bfab372c2ee683cfb21e68885",
      "size": 7548688
    },
    "transfer_confidential_1_2.key": {
      "sha256": "2de3d881be4e6f1683deefdd821d4a81f7a9eff37b45825f14adc1873f355cc3",
      "size": 8039803
    },
    "transfer_confidential_1_8.key": {
      "sha256": "3b19931b97778cdc9948c727f5190f91a6191b24fd64e065671cc4fd1624fde7",
      "size": 12033372
    },
    "transfer_confidential_2_2.key": {
      "sha256": "3866c957255819c4f2035535a71cd9552c932b90555609ef3a00a9e14545eff5",
      "size": 14754876
    },
    "transfer_confidential_2_3.key": {
      "sha256": "fb7470d0426d79e3a874ee8467c3889bb4553eab5f4fdd8b76067be59369a88f",
      "size": 15247576
    },
    "transfer_confidential_3_3.key": {
      "sha256": "2c94c818b554437a43f92f650668456dea788cb80545623e36696ddd19514919",
      "size": 23012645
    },
    "transfer_confidential_4_3.key": {
      "sha256": "b4b4b55e49f8f1aeb648aef8a00eaf4c212831ce8deb156ca6c27ba09f6abc26",
      "size": 28681533
    },
    "transfer_confidential_4_4.key": {
      "sha256": "f364f4c98965be9467d5a5b453599f77cd621de450431798ed06a4400f5801b6",
      "size": 29175918
    },
    "transfer_confidential_5_3.key": {
      "sha256": "8453fa8799d6cfc9349f3c7e5c1166f0a8c118f72b87e434a7d23ffe379ef7ad",
      "size": 34357415
    },
    "transfer_confidential_5_4.key": {
      "sha256": "d55f6a2aefbba799881dbbe2fa72f6696a8991fba930cbeb1cb2b80e8f9b01b2",
      "size": 34852673
    },
    "transfer_p256_confidential_1_1.key": {
      "sha256": "5e63e533f541cb4a8a96ba53472ab993cf214511834d9f91154d916bfe2410e4",
      "size": 57037164
    },
    "transfer_p256_confidential_1_2.key": {
      "sha256": "4f4dc0700c47f739ea1414ba0dcb80fba062d3e41cf5d913e3b25e310f135d6d",
      "size": 57516993
    },
    "transfer_p256_confidential_1_8.key": {
      "sha256": "c2ca1158877f5379d2d6b87ffa1e85f9d330651b085cca865d787f4d303bcac0",
      "size": 60408874
    },
    "transfer_p256_confidential_2_2.key": {
      "sha256": "64a746bde3489eb2fd8b15ab66c7396192b94c383ea16e9ef4125a08ea904026",
      "size": 63179198
    },
    "transfer_p256_confidential_2_3.key": {
      "sha256": "3647361da083c884686a95e33542f8ae95c29f3b599516ab68724f846a6d6fc4",
      "size": 63661594
    },
    "transfer_p256_confidential_3_3.key": {
      "sha256": "50719c7959c3e52d30c5ea2f541aaaf239ca4ad1a7dc68cc0c607f43b0b06861",
      "size": 69324025
    },
    "transfer_p256_confidential_4_3.key": {
      "sha256": "d8ce64c095de5d1a5935eb4e4d65b923747a9a88017f0cce6cac4769de5cc203",
      "size": 74984981
    },
    "transfer_p256_confidential_4_4.key": {
      "sha256": "14d0c354d1ae751cf9e1537cbd4c0d7c6912d164b6d2bc0085b171baad1626c6",
      "size": 75468408
    },
    "transfer_p256_confidential_5_3.key": {
      "sha256": "9eb5e29ba8871e3bdb07f435a1171a230b1dd618d459e381112bb0ab2ef93725",
      "size": 89038131
    },
    "transfer_p256_confidential_5_4.key": {
      "sha256": "11bb3cf6eefe8e4751558930e968f060911bb7b260ac957be889dcf6da20e738",
      "size": 89522630
    },
    "transfer_p256_zone_1_1.key": {
      "sha256": "bc5548bd233c42dd245b9f318e4882de0e98b9044d84d5d1be371682f2a149ae",
      "size": 56861254
    },
    "transfer_p256_zone_1_2.key": {
      "sha256": "ac9dac752e90774cee00727dba7237c99b1b1a694b5ad08215b81c33d7babc35",
      "size": 57229272
    },
    "transfer_p256_zone_1_8.key": {
      "sha256": "4184aea15c0f32077fa5bb87614f6f23cb9d7752b300c4fcf8923394d1d119e5",
      "size": 59451837
    },
    "transfer_p256_zone_2_2.key": {
      "sha256": "b87990632ef8df15da31d0b2296b7613aa1251cafccf6487d557c0a82e5dec6a",
      "size": 62894440
    },
    "transfer_p256_zone_2_3.key": {
      "sha256": "183e111f71a760c462b7fca8f4f95731628ae234197d9024dc9b1444622a6b78",
      "size": 63264188
    },
    "transfer_p256_zone_3_3.key": {
      "sha256": "e300da0bcc0df00e997cb308e6d9f47b8b96595d1cc4e57968451be01c083b71",
      "size": 68928540
    },
    "transfer_p256_zone_4_3.key": {
      "sha256": "4b019b845b980d2cb5d529d544ec313263113290d0329cd84d9d6607c6a6df65",
      "size": 74591682
    },
    "transfer_p256_zone_4_4.key": {
      "sha256": "8beb68ae08370feadbd7efa85287b37ab9e2558455262537b8bef6e14b38b08a",
      "size": 74964652
    },
    "transfer_p256_zone_5_3.key": {
      "sha256": "fcd08b161abe66b369e8812a2f69a5f7e6447cb826053bd309e83a30c2020837",
      "size": 88647851
    },
    "transfer_p256_zone_5_4.key": {
      "sha256": "7b0e92cff4997aa16ccccabbc78f522083a3d7094f128d389823f64d011f19b7",
      "size": 89021113
    },
    "transfer_zone_1_1.key": {
      "sha256": "1c4bb737cc8e0094da4ac8b68d4efa20084c4e0ae0a600e9ff7cbc897e29b528",
      "size": 7734119
    },
    "transfer_zone_1_2.key": {
      "sha256": "f37061b5ccf29dfbaefe6edbc3a5759421dd699b7908304cb92470ad49ad8ceb",
      "size": 8119085
    },
    "transfer_zone_1_8.key": {
      "sha256": "11735152ffae28da2d30afdb98827f64947373c898557f8fbb9a2c48e0b5d00c",
      "size": 11492860
    },
    "transfer_zone_2_2.key": {
      "sha256": "31f34c67a8fb3cdd88d582921530a73a5327474dc0470fd6eb172d1b50ea34a3",
      "size": 14454573
    },
    "transfer_zone_2_3.key": {
      "sha256": "26627347a56ace8237c13bf1e7d24bd4e6aea58ef6fec7352431e3f9e9681974",
      "size": 14825900
    },
    "transfer_zone_3_3.key": {
      "sha256": "040b6772c87ce3695d205354faad6537ef0eb57e1f6f9e1baa3ee66decacef3e",
      "size": 22591103
    },
    "transfer_zone_4_3.key": {
      "sha256": "5289ab442198d0fa44a2cc092092a0c4944da7d387a5c4a447887af0533cc59d",
      "size": 28264096
    },
    "transfer_zone_4_4.key": {
      "sha256": "b90b95fa0df9d70679caab6f82ba46a24d5b019072714aa1ed2ca404be85c44b",
      "size": 28637871
    },
    "transfer_zone_5_3.key": {
      "sha256": "8735b279d35b38849a4422cc742d3c6a2bb865bc8e3486bd76020a41d459ba01",
      "size": 33940439
    },
    "transfer_zone_5_4.key": {
      "sha256": "26ff4dfeb005d89addb9f883c93961621c7591883b285788f8cde61b1e0b5e6a",
      "size": 34313456
    },
    "transfer_zone_authority_1_1.key": {
      "sha256": "36d9bb821c48c714508e5bb4c4d06ec590d638b0b0c5e8c09998e2c3b3ab40d3",
      "size": 7666049
    },
    "transfer_zone_authority_2_2.key": {
      "sha256": "88049b956c998054458f81ddb86471fb4b94037eaa4413be0f9d3ece6fbc1d20",
      "size": 15031001
    },
    "transfer_zone_authority_3_3.key": {
      "sha256": "4c95dd30ad14c8882bfcc1d7d35023cb722dea50ae492b930b2ae35c94ffd827",
      "size": 23446896
    },
    "transfer_zone_authority_4_4.key": {
      "sha256": "67cb080f84296bc42aa6cd18020804f1e101a7ae2da3f0eed85ad175810bc8ee",
      "size": 29769769
    }
  },
  "prefix": "proving-keys/2e2e731806ff7c6e"
}
