{
  "audit_key": {
    "asset": "custom-ring-base-key-v0.1.0-alpha.6.key",
    "sha256": "5a469eca19000e5d023c9c7711beac495e4faf72ab804c635c0d84541ddc3aeb",
    "size": 89748463
  },
  "binaries": [
    {
      "arch": "arm64",
      "asset": "ring-rpc-darwin-arm64-v0.1.0-alpha.6",
      "os": "darwin",
      "role": "ring_rpc",
      "sha256": "13c9d3ae66f1789ea4eb957f01ec003bbcacc98fb59dfd2b6dbe23388c21d0ad",
      "size": 14135376
    },
    {
      "arch": "x64",
      "asset": "ring-rpc-linux-x64-v0.1.0-alpha.6",
      "os": "linux",
      "role": "ring_rpc",
      "sha256": "b1787fb2d47b1fd84738388b9a27112a516730641449c4332f9357d288b2ed66",
      "size": 17408624
    }
  ],
  "proving_key": {
    "asset": "custom-ring-policy-key-v0.1.0-alpha.6.key",
    "sha256": "c6c7d8b1c368aec3dcb4b800f17acb4e99953b6786437db76cfb21907b42af8f",
    "size": 179154007
  },
  "release_tag": "v0.1.0-alpha.6",
  "ring_program": {
    "asset": "custom-ring-program-v0.1.0-alpha.6.so",
    "sha256": "a2a9e85c9677b26f9ee8bf60151dca5ce76b3984e00ac16dc8bd159acc591fae",
    "size": 259144
  }
}
